{
  "name": "Prepoznavanje-gest-v-avtonomni-voznji",
  "lockfileVersion": 2,
  "requires": true,
  "packages": {
    "": {
      "dependencies": {
        "mic-recorder-to-mp3": "^2.2.2"
      }
    },
    "node_modules/lamejs": {
      "version": "1.2.1",
      "resolved": "https://registry.npmjs.org/lamejs/-/lamejs-1.2.1.tgz",
      "integrity": "sha512-s7bxvjvYthw6oPLCm5pFxvA84wUROODB8jEO2+CE1adhKgrIvVOlmMgY8zyugxGrvRaDHNJanOiS21/emty6dQ==",
      "dependencies": {
        "use-strict": "1.0.1"
      }
    },
    "node_modules/mic-recorder-to-mp3": {
      "version": "2.2.2",
      "resolved": "https://registry.npmjs.org/mic-recorder-to-mp3/-/mic-recorder-to-mp3-2.2.2.tgz",
      "integrity": "sha512-xDkOaHbojW3bdKOGn9CI5dT+Mc0RrfczsX/Y1zGJp3FUB4zei5ZKFnNm7Nguc9v910wkd7T3csnCTq5EtCF3Zw==",
      "dependencies": {
        "lamejs": "^1.2.0"
      },
      "peerDependencies": {
        "webrtc-adapter": ">=4.1.1"
      }
    },
    "node_modules/use-strict": {
      "version": "1.0.1",
      "resolved": "https://registry.npmjs.org/use-strict/-/use-strict-1.0.1.tgz",
      "integrity": "sha512-IeiWvvEXfW5ltKVMkxq6FvNf2LojMKvB2OCeja6+ct24S1XOmQw2dGr2JyndwACWAGJva9B7yPHwAmeA9QCqAQ=="
    }
  },
  "dependencies": {
    "lamejs": {
      "version": "1.2.1",
      "resolved": "https://registry.npmjs.org/lamejs/-/lamejs-1.2.1.tgz",
      "integrity": "sha512-s7bxvjvYthw6oPLCm5pFxvA84wUROODB8jEO2+CE1adhKgrIvVOlmMgY8zyugxGrvRaDHNJanOiS21/emty6dQ==",
      "requires": {
        "use-strict": "1.0.1"
      }
    },
    "mic-recorder-to-mp3": {
      "version": "2.2.2",
      "resolved": "https://registry.npmjs.org/mic-recorder-to-mp3/-/mic-recorder-to-mp3-2.2.2.tgz",
      "integrity": "sha512-xDkOaHbojW3bdKOGn9CI5dT+Mc0RrfczsX/Y1zGJp3FUB4zei5ZKFnNm7Nguc9v910wkd7T3csnCTq5EtCF3Zw==",
      "requires": {
        "lamejs": "^1.2.0"
      }
    },
    "use-strict": {
      "version": "1.0.1",
      "resolved": "https://registry.npmjs.org/use-strict/-/use-strict-1.0.1.tgz",
      "integrity": "sha512-IeiWvvEXfW5ltKVMkxq6FvNf2LojMKvB2OCeja6+ct24S1XOmQw2dGr2JyndwACWAGJva9B7yPHwAmeA9QCqAQ=="
    }
  }
}
