{
  "name": "3d frontend",
  "lockfileVersion": 3,
  "requires": true,
  "packages": {
    "": {
      "dependencies": {
        "simplify-geometry": "^0.0.2"
      }
    },
    "node_modules/simplify-geometry": {
      "version": "0.0.2",
      "resolved": "https://registry.npmjs.org/simplify-geometry/-/simplify-geometry-0.0.2.tgz",
      "integrity": "sha512-ZEyrplkqgCqDlL7V8GbbYgTLlcnNF+MWWUdy8s8ZeJru50bnI71rDew/I+HG36QS2mPOYAq1ZjwNXxHJ8XOVBw=="
    }
  }
}
